
Microsoft Visual Studio Solution File, Format Version 12.00
# Visual Studio Version 17
VisualStudioVersion = 17.14.36511.14 d17.14
MinimumVisualStudioVersion = 10.0.40219.1
Project("{FAE04EC0-301F-11D3-BF4B-00C04F79EFBC}") = "APIS_Test", "APIS_Test.csproj", "{09121C98-FD7B-4EBF-9E74-302B61300CC5}"
EndProject
Global
	GlobalSection(SolutionConfigurationPlatforms) = preSolution
		Debug|Any CPU = Debug|Any CPU
		Release|Any CPU = Release|Any CPU
	EndGlobalSection
	GlobalSection(ProjectConfigurationPlatforms) = postSolution
		{09121C98-FD7B-4EBF-9E74-302B61300CC5}.Debug|Any CPU.ActiveCfg = Debug|Any CPU
		{09121C98-FD7B-4EBF-9E74-302B61300CC5}.Debug|Any CPU.Build.0 = Debug|Any CPU
		{09121C98-FD7B-4EBF-9E74-302B61300CC5}.Release|Any CPU.ActiveCfg = Release|Any CPU
		{09121C98-FD7B-4EBF-9E74-302B61300CC5}.Release|Any CPU.Build.0 = Release|Any CPU
	EndGlobalSection
	GlobalSection(SolutionProperties) = preSolution
		HideSolutionNode = FALSE
	EndGlobalSection
	GlobalSection(ExtensibilityGlobals) = postSolution
		SolutionGuid = {499BE302-462E-4CE4-821D-F0F867D835D0}
	EndGlobalSection
EndGlobal
